
Microsoft Visual Studio Solution File, Format Version 12.00
# Visual Studio Version 17
VisualStudioVersion = 17.7.34031.279
MinimumVisualStudioVersion = 10.0.40219.1
Project("{FAE04EC0-301F-11D3-BF4B-00C04F79EFBC}") = "SecureAPI_JWT", "SecureAPI_JWT\SecureAPI_JWT.csproj", "{0CDBC523-3DDE-4028-9E2F-EC2895A524FA}"
EndProject
Global
	GlobalSection(SolutionConfigurationPlatforms) = preSolution
		Debug|Any CPU = Debug|Any CPU
		Release|Any CPU = Release|Any CPU
	EndGlobalSection
	GlobalSection(ProjectConfigurationPlatforms) = postSolution
		{0CDBC523-3DDE-4028-9E2F-EC2895A524FA}.Debug|Any CPU.ActiveCfg = Debug|Any CPU
		{0CDBC523-3DDE-4028-9E2F-EC2895A524FA}.Debug|Any CPU.Build.0 = Debug|Any CPU
		{0CDBC523-3DDE-4028-9E2F-EC2895A524FA}.Release|Any CPU.ActiveCfg = Release|Any CPU
		{0CDBC523-3DDE-4028-9E2F-EC2895A524FA}.Release|Any CPU.Build.0 = Release|Any CPU
	EndGlobalSection
	GlobalSection(SolutionProperties) = preSolution
		HideSolutionNode = FALSE
	EndGlobalSection
	GlobalSection(ExtensibilityGlobals) = postSolution
		SolutionGuid = {17EC2DAC-AC8A-40BD-8F25-13FC0174D584}
	EndGlobalSection
EndGlobal
